
Microsoft Visual Studio Solution File, Format Version 12.00
# Visual Studio 15
VisualStudioVersion = 15.0.27004.2009
MinimumVisualStudioVersion = 10.0.40219.1
Project("{FAE04EC0-301F-11D3-BF4B-00C04F79EFBC}") = "TruckingVSConnect2", "TruckingVSConnect2\TruckingVSConnect2.csproj", "{3A3F2D5D-62F6-4FAB-80D6-C0D176D2DCBC}"
EndProject
Global
	GlobalSection(SolutionConfigurationPlatforms) = preSolution
		Debug|Any CPU = Debug|Any CPU
		Release|Any CPU = Release|Any CPU
	EndGlobalSection
	GlobalSection(ProjectConfigurationPlatforms) = postSolution
		{3A3F2D5D-62F6-4FAB-80D6-C0D176D2DCBC}.Debug|Any CPU.ActiveCfg = Debug|Any CPU
		{3A3F2D5D-62F6-4FAB-80D6-C0D176D2DCBC}.Debug|Any CPU.Build.0 = Debug|Any CPU
		{3A3F2D5D-62F6-4FAB-80D6-C0D176D2DCBC}.Release|Any CPU.ActiveCfg = Release|Any CPU
		{3A3F2D5D-62F6-4FAB-80D6-C0D176D2DCBC}.Release|Any CPU.Build.0 = Release|Any CPU
	EndGlobalSection
	GlobalSection(SolutionProperties) = preSolution
		HideSolutionNode = FALSE
	EndGlobalSection
	GlobalSection(ExtensibilityGlobals) = postSolution
		SolutionGuid = {179798D1-3C84-4928-8DC0-B4830443CD7E}
	EndGlobalSection
EndGlobal
